
Microsoft Visual Studio Solution File, Format Version 12.00
# Visual Studio Version 17
VisualStudioVersion = 17.9.34321.82
MinimumVisualStudioVersion = 10.0.40219.1
Project("{9A19103F-16F7-4668-BE54-9A1E7A4F7556}") = "ExampleItemGenerator", "ItemGenerator\ExampleItemGenerator.csproj", "{F78F0BA2-1FCD-49CD-BFAE-476DC2BC8F05}"
EndProject
Project("{FAE04EC0-301F-11D3-BF4B-00C04F79EFBC}") = "ExampleItemGenerator.Api", "ExampleItemGenerator.Api\ExampleItemGenerator.Api.csproj", "{D5A9C099-806F-40FF-9EB9-6A62372C0B21}"
EndProject
Global
	GlobalSection(SolutionConfigurationPlatforms) = preSolution
		Debug|Any CPU = Debug|Any CPU
		Release|Any CPU = Release|Any CPU
	EndGlobalSection
	GlobalSection(ProjectConfigurationPlatforms) = postSolution
		{F78F0BA2-1FCD-49CD-BFAE-476DC2BC8F05}.Debug|Any CPU.ActiveCfg = Debug|Any CPU
		{F78F0BA2-1FCD-49CD-BFAE-476DC2BC8F05}.Debug|Any CPU.Build.0 = Debug|Any CPU
		{F78F0BA2-1FCD-49CD-BFAE-476DC2BC8F05}.Release|Any CPU.ActiveCfg = Release|Any CPU
		{F78F0BA2-1FCD-49CD-BFAE-476DC2BC8F05}.Release|Any CPU.Build.0 = Release|Any CPU
		{D5A9C099-806F-40FF-9EB9-6A62372C0B21}.Debug|Any CPU.ActiveCfg = Debug|Any CPU
		{D5A9C099-806F-40FF-9EB9-6A62372C0B21}.Debug|Any CPU.Build.0 = Debug|Any CPU
		{D5A9C099-806F-40FF-9EB9-6A62372C0B21}.Release|Any CPU.ActiveCfg = Release|Any CPU
		{D5A9C099-806F-40FF-9EB9-6A62372C0B21}.Release|Any CPU.Build.0 = Release|Any CPU
	EndGlobalSection
	GlobalSection(SolutionProperties) = preSolution
		HideSolutionNode = FALSE
	EndGlobalSection
	GlobalSection(ExtensibilityGlobals) = postSolution
		SolutionGuid = {6CA19032-4E4C-44FA-8E36-D11F355814AE}
	EndGlobalSection
EndGlobal
